dependencies:
- name: influxdb
  repository: https://charts.bitnami.com/bitnami
  version: 0.6.9
- name: grafana
  repository: https://charts.bitnami.com/bitnami
  version: 3.4.5
digest: sha256:a06b79b5a23e803c52750bfda9a0f56c6db04269308b25f5048f180bffe2df24
generated: "2020-10-24T14:35:01.974874093+02:00"
